
Microsoft Visual Studio Solution File, Format Version 12.00
# Visual Studio Version 16
VisualStudioVersion = 16.0.29519.87
MinimumVisualStudioVersion = 10.0.40219.1
Project("{8BC9CEB8-8B4A-11D0-8D11-00A0C91BC942}") = "C++Primer", "C++Primer.vcxproj", "{0A830022-CF20-4DA0-8E11-DFDABF9B4687}"
EndProject
Global
	GlobalSection(SolutionConfigurationPlatforms) = preSolution
		Debug|x64 = Debug|x64
		Debug|x86 = Debug|x86
		Release|x64 = Release|x64
		Release|x86 = Release|x86
	EndGlobalSection
	GlobalSection(ProjectConfigurationPlatforms) = postSolution
		{0A830022-CF20-4DA0-8E11-DFDABF9B4687}.Debug|x64.ActiveCfg = Debug|x64
		{0A830022-CF20-4DA0-8E11-DFDABF9B4687}.Debug|x64.Build.0 = Debug|x64
		{0A830022-CF20-4DA0-8E11-DFDABF9B4687}.Debug|x86.ActiveCfg = Debug|Win32
		{0A830022-CF20-4DA0-8E11-DFDABF9B4687}.Debug|x86.Build.0 = Debug|Win32
		{0A830022-CF20-4DA0-8E11-DFDABF9B4687}.Release|x64.ActiveCfg = Release|x64
		{0A830022-CF20-4DA0-8E11-DFDABF9B4687}.Release|x64.Build.0 = Release|x64
		{0A830022-CF20-4DA0-8E11-DFDABF9B4687}.Release|x86.ActiveCfg = Release|Win32
		{0A830022-CF20-4DA0-8E11-DFDABF9B4687}.Release|x86.Build.0 = Release|Win32
	EndGlobalSection
	GlobalSection(SolutionProperties) = preSolution
		HideSolutionNode = FALSE
	EndGlobalSection
	GlobalSection(ExtensibilityGlobals) = postSolution
		SolutionGuid = {A99E7EC2-0AB5-41D0-A42F-0356CA771D4B}
	EndGlobalSection
EndGlobal
